
Microsoft Visual Studio Solution File, Format Version 12.00
# Visual Studio 15
VisualStudioVersion = 15.0.27004.2002
MinimumVisualStudioVersion = 10.0.40219.1
Project("{2150E333-8FDC-42A3-9474-1A3956D46DE8}") = "1. Creational", "1. Creational", "{06E5F7F1-0B60-4AD9-9CFF-27E5E028F706}"
EndProject
Project("{9A19103F-16F7-4668-BE54-9A1E7A4F7556}") = "Singleton", "Singleton\Singleton.csproj", "{606A5E18-7076-4AE4-8D82-0E4E93B12977}"
EndProject
Project("{9A19103F-16F7-4668-BE54-9A1E7A4F7556}") = "FactoryMethod", "FactoryMethod\FactoryMethod.csproj", "{BE6B686C-91FC-4448-95EC-C5FD4713AB69}"
EndProject
Project("{9A19103F-16F7-4668-BE54-9A1E7A4F7556}") = "AbstractFactory", "AbstractFactory\AbstractFactory.csproj", "{501154ED-03DB-4865-9DF4-1F9C8479B2C7}"
EndProject
Project("{FAE04EC0-301F-11D3-BF4B-00C04F79EFBC}") = "Builder", "Builder\Builder.csproj", "{746EF7C5-A710-47D4-BB1F-B05B9984AE13}"
EndProject
Project("{FAE04EC0-301F-11D3-BF4B-00C04F79EFBC}") = "Prototype", "Prototype\Prototype.csproj", "{47B552BF-A503-41B7-87B2-689F477B098C}"
EndProject
Global
	GlobalSection(SolutionConfigurationPlatforms) = preSolution
		Debug|Any CPU = Debug|Any CPU
		Release|Any CPU = Release|Any CPU
	EndGlobalSection
	GlobalSection(ProjectConfigurationPlatforms) = postSolution
		{606A5E18-7076-4AE4-8D82-0E4E93B12977}.Debug|Any CPU.ActiveCfg = Debug|Any CPU
		{606A5E18-7076-4AE4-8D82-0E4E93B12977}.Debug|Any CPU.Build.0 = Debug|Any CPU
		{606A5E18-7076-4AE4-8D82-0E4E93B12977}.Release|Any CPU.ActiveCfg = Release|Any CPU
		{606A5E18-7076-4AE4-8D82-0E4E93B12977}.Release|Any CPU.Build.0 = Release|Any CPU
		{BE6B686C-91FC-4448-95EC-C5FD4713AB69}.Debug|Any CPU.ActiveCfg = Debug|Any CPU
		{BE6B686C-91FC-4448-95EC-C5FD4713AB69}.Debug|Any CPU.Build.0 = Debug|Any CPU
		{BE6B686C-91FC-4448-95EC-C5FD4713AB69}.Release|Any CPU.ActiveCfg = Release|Any CPU
		{BE6B686C-91FC-4448-95EC-C5FD4713AB69}.Release|Any CPU.Build.0 = Release|Any CPU
		{501154ED-03DB-4865-9DF4-1F9C8479B2C7}.Debug|Any CPU.ActiveCfg = Debug|Any CPU
		{501154ED-03DB-4865-9DF4-1F9C8479B2C7}.Debug|Any CPU.Build.0 = Debug|Any CPU
		{501154ED-03DB-4865-9DF4-1F9C8479B2C7}.Release|Any CPU.ActiveCfg = Release|Any CPU
		{501154ED-03DB-4865-9DF4-1F9C8479B2C7}.Release|Any CPU.Build.0 = Release|Any CPU
		{746EF7C5-A710-47D4-BB1F-B05B9984AE13}.Debug|Any CPU.ActiveCfg = Debug|Any CPU
		{746EF7C5-A710-47D4-BB1F-B05B9984AE13}.Debug|Any CPU.Build.0 = Debug|Any CPU
		{746EF7C5-A710-47D4-BB1F-B05B9984AE13}.Release|Any CPU.ActiveCfg = Release|Any CPU
		{746EF7C5-A710-47D4-BB1F-B05B9984AE13}.Release|Any CPU.Build.0 = Release|Any CPU
		{47B552BF-A503-41B7-87B2-689F477B098C}.Debug|Any CPU.ActiveCfg = Debug|Any CPU
		{47B552BF-A503-41B7-87B2-689F477B098C}.Debug|Any CPU.Build.0 = Debug|Any CPU
		{47B552BF-A503-41B7-87B2-689F477B098C}.Release|Any CPU.ActiveCfg = Release|Any CPU
		{47B552BF-A503-41B7-87B2-689F477B098C}.Release|Any CPU.Build.0 = Release|Any CPU
	EndGlobalSection
	GlobalSection(SolutionProperties) = preSolution
		HideSolutionNode = FALSE
	EndGlobalSection
	GlobalSection(NestedProjects) = preSolution
		{606A5E18-7076-4AE4-8D82-0E4E93B12977} = {06E5F7F1-0B60-4AD9-9CFF-27E5E028F706}
		{BE6B686C-91FC-4448-95EC-C5FD4713AB69} = {06E5F7F1-0B60-4AD9-9CFF-27E5E028F706}
		{501154ED-03DB-4865-9DF4-1F9C8479B2C7} = {06E5F7F1-0B60-4AD9-9CFF-27E5E028F706}
		{746EF7C5-A710-47D4-BB1F-B05B9984AE13} = {06E5F7F1-0B60-4AD9-9CFF-27E5E028F706}
		{47B552BF-A503-41B7-87B2-689F477B098C} = {06E5F7F1-0B60-4AD9-9CFF-27E5E028F706}
	EndGlobalSection
	GlobalSection(ExtensibilityGlobals) = postSolution
		SolutionGuid = {A3B9973F-9696-4509-A9AD-22329B5B1419}
	EndGlobalSection
EndGlobal
