
Microsoft Visual Studio Solution File, Format Version 12.00
# Visual Studio 15
VisualStudioVersion = 15.0.27004.2005
MinimumVisualStudioVersion = 10.0.40219.1
Project("{2150E333-8FDC-42A3-9474-1A3956D46DE8}") = "1. Creational", "1. Creational", "{06E5F7F1-0B60-4AD9-9CFF-27E5E028F706}"
EndProject
Project("{9A19103F-16F7-4668-BE54-9A1E7A4F7556}") = "Singleton", "Singleton\Singleton.csproj", "{606A5E18-7076-4AE4-8D82-0E4E93B12977}"
EndProject
Project("{9A19103F-16F7-4668-BE54-9A1E7A4F7556}") = "FactoryMethod", "FactoryMethod\FactoryMethod.csproj", "{BE6B686C-91FC-4448-95EC-C5FD4713AB69}"
EndProject
Project("{9A19103F-16F7-4668-BE54-9A1E7A4F7556}") = "AbstractFactory", "AbstractFactory\AbstractFactory.csproj", "{501154ED-03DB-4865-9DF4-1F9C8479B2C7}"
EndProject
Project("{9A19103F-16F7-4668-BE54-9A1E7A4F7556}") = "Builder", "Builder\Builder.csproj", "{746EF7C5-A710-47D4-BB1F-B05B9984AE13}"
EndProject
Project("{9A19103F-16F7-4668-BE54-9A1E7A4F7556}") = "Prototype", "Prototype\Prototype.csproj", "{47B552BF-A503-41B7-87B2-689F477B098C}"
EndProject
Project("{2150E333-8FDC-42A3-9474-1A3956D46DE8}") = "2. Structural", "2. Structural", "{9F40E285-E6D8-40E1-82BA-4161C3306E88}"
EndProject
Project("{9A19103F-16F7-4668-BE54-9A1E7A4F7556}") = "Adapter", "Adapter\Adapter.csproj", "{40DBAAFE-6EB4-4FA7-BE0B-9CBB48224D93}"
EndProject
Project("{9A19103F-16F7-4668-BE54-9A1E7A4F7556}") = "Bridge", "Bridge\Bridge.csproj", "{3260562E-9B2D-45C2-AAA8-93E9D11AB069}"
EndProject
Project("{9A19103F-16F7-4668-BE54-9A1E7A4F7556}") = "Composite", "Composite\Composite.csproj", "{F16A6B7F-93A3-4473-8D02-C45F5A66D7B1}"
EndProject
Project("{9A19103F-16F7-4668-BE54-9A1E7A4F7556}") = "Decorator", "Decorator\Decorator.csproj", "{843BF955-DA3F-4232-8F65-396D26166A11}"
EndProject
Project("{9A19103F-16F7-4668-BE54-9A1E7A4F7556}") = "Facade", "Facade\Facade.csproj", "{1E9F711E-A2FE-454F-847A-36136B871668}"
EndProject
Project("{9A19103F-16F7-4668-BE54-9A1E7A4F7556}") = "Flyweight", "Flyweight\Flyweight.csproj", "{514CE822-2879-465F-92D2-84475088F276}"
EndProject
Project("{9A19103F-16F7-4668-BE54-9A1E7A4F7556}") = "Proxy", "Proxy\Proxy.csproj", "{158D9E4D-F837-4516-A980-650C7A8820AD}"
EndProject
Project("{2150E333-8FDC-42A3-9474-1A3956D46DE8}") = "3. Behavior", "3. Behavior", "{7370927F-2E68-454C-91BB-3FBD85BDD8BF}"
EndProject
Project("{9A19103F-16F7-4668-BE54-9A1E7A4F7556}") = "ChainOfResponsibility", "ChainOfResponsibility\ChainOfResponsibility.csproj", "{C9C1D759-DEAB-4EDA-9BA1-0AD3769CC9E5}"
EndProject
Project("{9A19103F-16F7-4668-BE54-9A1E7A4F7556}") = "Command", "Command\Command.csproj", "{91E968D8-AB3F-4DA2-85EC-6085CFFEC2DF}"
EndProject
Project("{9A19103F-16F7-4668-BE54-9A1E7A4F7556}") = "Interpreter", "Interpreter\Interpreter.csproj", "{3445A39C-A6E9-4F38-B19F-1368084C7F5C}"
EndProject
Project("{9A19103F-16F7-4668-BE54-9A1E7A4F7556}") = "Strategy", "Strategy\Strategy.csproj", "{B8008775-2377-4716-AC11-050F82B9862E}"
EndProject
Project("{FAE04EC0-301F-11D3-BF4B-00C04F79EFBC}") = "Iterator", "Iterator\Iterator.csproj", "{E263D24C-1EDC-44FD-AF3C-818E88FFC63E}"
EndProject
Global
	GlobalSection(SolutionConfigurationPlatforms) = preSolution
		Debug|Any CPU = Debug|Any CPU
		Release|Any CPU = Release|Any CPU
	EndGlobalSection
	GlobalSection(ProjectConfigurationPlatforms) = postSolution
		{606A5E18-7076-4AE4-8D82-0E4E93B12977}.Debug|Any CPU.ActiveCfg = Debug|Any CPU
		{606A5E18-7076-4AE4-8D82-0E4E93B12977}.Debug|Any CPU.Build.0 = Debug|Any CPU
		{606A5E18-7076-4AE4-8D82-0E4E93B12977}.Release|Any CPU.ActiveCfg = Release|Any CPU
		{606A5E18-7076-4AE4-8D82-0E4E93B12977}.Release|Any CPU.Build.0 = Release|Any CPU
		{BE6B686C-91FC-4448-95EC-C5FD4713AB69}.Debug|Any CPU.ActiveCfg = Debug|Any CPU
		{BE6B686C-91FC-4448-95EC-C5FD4713AB69}.Debug|Any CPU.Build.0 = Debug|Any CPU
		{BE6B686C-91FC-4448-95EC-C5FD4713AB69}.Release|Any CPU.ActiveCfg = Release|Any CPU
		{BE6B686C-91FC-4448-95EC-C5FD4713AB69}.Release|Any CPU.Build.0 = Release|Any CPU
		{501154ED-03DB-4865-9DF4-1F9C8479B2C7}.Debug|Any CPU.ActiveCfg = Debug|Any CPU
		{501154ED-03DB-4865-9DF4-1F9C8479B2C7}.Debug|Any CPU.Build.0 = Debug|Any CPU
		{501154ED-03DB-4865-9DF4-1F9C8479B2C7}.Release|Any CPU.ActiveCfg = Release|Any CPU
		{501154ED-03DB-4865-9DF4-1F9C8479B2C7}.Release|Any CPU.Build.0 = Release|Any CPU
		{746EF7C5-A710-47D4-BB1F-B05B9984AE13}.Debug|Any CPU.ActiveCfg = Debug|Any CPU
		{746EF7C5-A710-47D4-BB1F-B05B9984AE13}.Debug|Any CPU.Build.0 = Debug|Any CPU
		{746EF7C5-A710-47D4-BB1F-B05B9984AE13}.Release|Any CPU.ActiveCfg = Release|Any CPU
		{746EF7C5-A710-47D4-BB1F-B05B9984AE13}.Release|Any CPU.Build.0 = Release|Any CPU
		{47B552BF-A503-41B7-87B2-689F477B098C}.Debug|Any CPU.ActiveCfg = Debug|Any CPU
		{47B552BF-A503-41B7-87B2-689F477B098C}.Debug|Any CPU.Build.0 = Debug|Any CPU
		{47B552BF-A503-41B7-87B2-689F477B098C}.Release|Any CPU.ActiveCfg = Release|Any CPU
		{47B552BF-A503-41B7-87B2-689F477B098C}.Release|Any CPU.Build.0 = Release|Any CPU
		{40DBAAFE-6EB4-4FA7-BE0B-9CBB48224D93}.Debug|Any CPU.ActiveCfg = Debug|Any CPU
		{40DBAAFE-6EB4-4FA7-BE0B-9CBB48224D93}.Debug|Any CPU.Build.0 = Debug|Any CPU
		{40DBAAFE-6EB4-4FA7-BE0B-9CBB48224D93}.Release|Any CPU.ActiveCfg = Release|Any CPU
		{40DBAAFE-6EB4-4FA7-BE0B-9CBB48224D93}.Release|Any CPU.Build.0 = Release|Any CPU
		{3260562E-9B2D-45C2-AAA8-93E9D11AB069}.Debug|Any CPU.ActiveCfg = Debug|Any CPU
		{3260562E-9B2D-45C2-AAA8-93E9D11AB069}.Debug|Any CPU.Build.0 = Debug|Any CPU
		{3260562E-9B2D-45C2-AAA8-93E9D11AB069}.Release|Any CPU.ActiveCfg = Release|Any CPU
		{3260562E-9B2D-45C2-AAA8-93E9D11AB069}.Release|Any CPU.Build.0 = Release|Any CPU
		{F16A6B7F-93A3-4473-8D02-C45F5A66D7B1}.Debug|Any CPU.ActiveCfg = Debug|Any CPU
		{F16A6B7F-93A3-4473-8D02-C45F5A66D7B1}.Debug|Any CPU.Build.0 = Debug|Any CPU
		{F16A6B7F-93A3-4473-8D02-C45F5A66D7B1}.Release|Any CPU.ActiveCfg = Release|Any CPU
		{F16A6B7F-93A3-4473-8D02-C45F5A66D7B1}.Release|Any CPU.Build.0 = Release|Any CPU
		{843BF955-DA3F-4232-8F65-396D26166A11}.Debug|Any CPU.ActiveCfg = Debug|Any CPU
		{843BF955-DA3F-4232-8F65-396D26166A11}.Debug|Any CPU.Build.0 = Debug|Any CPU
		{843BF955-DA3F-4232-8F65-396D26166A11}.Release|Any CPU.ActiveCfg = Release|Any CPU
		{843BF955-DA3F-4232-8F65-396D26166A11}.Release|Any CPU.Build.0 = Release|Any CPU
		{1E9F711E-A2FE-454F-847A-36136B871668}.Debug|Any CPU.ActiveCfg = Debug|Any CPU
		{1E9F711E-A2FE-454F-847A-36136B871668}.Debug|Any CPU.Build.0 = Debug|Any CPU
		{1E9F711E-A2FE-454F-847A-36136B871668}.Release|Any CPU.ActiveCfg = Release|Any CPU
		{1E9F711E-A2FE-454F-847A-36136B871668}.Release|Any CPU.Build.0 = Release|Any CPU
		{514CE822-2879-465F-92D2-84475088F276}.Debug|Any CPU.ActiveCfg = Debug|Any CPU
		{514CE822-2879-465F-92D2-84475088F276}.Debug|Any CPU.Build.0 = Debug|Any CPU
		{514CE822-2879-465F-92D2-84475088F276}.Release|Any CPU.ActiveCfg = Release|Any CPU
		{514CE822-2879-465F-92D2-84475088F276}.Release|Any CPU.Build.0 = Release|Any CPU
		{158D9E4D-F837-4516-A980-650C7A8820AD}.Debug|Any CPU.ActiveCfg = Debug|Any CPU
		{158D9E4D-F837-4516-A980-650C7A8820AD}.Debug|Any CPU.Build.0 = Debug|Any CPU
		{158D9E4D-F837-4516-A980-650C7A8820AD}.Release|Any CPU.ActiveCfg = Release|Any CPU
		{158D9E4D-F837-4516-A980-650C7A8820AD}.Release|Any CPU.Build.0 = Release|Any CPU
		{C9C1D759-DEAB-4EDA-9BA1-0AD3769CC9E5}.Debug|Any CPU.ActiveCfg = Debug|Any CPU
		{C9C1D759-DEAB-4EDA-9BA1-0AD3769CC9E5}.Debug|Any CPU.Build.0 = Debug|Any CPU
		{C9C1D759-DEAB-4EDA-9BA1-0AD3769CC9E5}.Release|Any CPU.ActiveCfg = Release|Any CPU
		{C9C1D759-DEAB-4EDA-9BA1-0AD3769CC9E5}.Release|Any CPU.Build.0 = Release|Any CPU
		{91E968D8-AB3F-4DA2-85EC-6085CFFEC2DF}.Debug|Any CPU.ActiveCfg = Debug|Any CPU
		{91E968D8-AB3F-4DA2-85EC-6085CFFEC2DF}.Debug|Any CPU.Build.0 = Debug|Any CPU
		{91E968D8-AB3F-4DA2-85EC-6085CFFEC2DF}.Release|Any CPU.ActiveCfg = Release|Any CPU
		{91E968D8-AB3F-4DA2-85EC-6085CFFEC2DF}.Release|Any CPU.Build.0 = Release|Any CPU
		{3445A39C-A6E9-4F38-B19F-1368084C7F5C}.Debug|Any CPU.ActiveCfg = Debug|Any CPU
		{3445A39C-A6E9-4F38-B19F-1368084C7F5C}.Debug|Any CPU.Build.0 = Debug|Any CPU
		{3445A39C-A6E9-4F38-B19F-1368084C7F5C}.Release|Any CPU.ActiveCfg = Release|Any CPU
		{3445A39C-A6E9-4F38-B19F-1368084C7F5C}.Release|Any CPU.Build.0 = Release|Any CPU
		{B8008775-2377-4716-AC11-050F82B9862E}.Debug|Any CPU.ActiveCfg = Debug|Any CPU
		{B8008775-2377-4716-AC11-050F82B9862E}.Debug|Any CPU.Build.0 = Debug|Any CPU
		{B8008775-2377-4716-AC11-050F82B9862E}.Release|Any CPU.ActiveCfg = Release|Any CPU
		{B8008775-2377-4716-AC11-050F82B9862E}.Release|Any CPU.Build.0 = Release|Any CPU
		{E263D24C-1EDC-44FD-AF3C-818E88FFC63E}.Debug|Any CPU.ActiveCfg = Debug|Any CPU
		{E263D24C-1EDC-44FD-AF3C-818E88FFC63E}.Debug|Any CPU.Build.0 = Debug|Any CPU
		{E263D24C-1EDC-44FD-AF3C-818E88FFC63E}.Release|Any CPU.ActiveCfg = Release|Any CPU
		{E263D24C-1EDC-44FD-AF3C-818E88FFC63E}.Release|Any CPU.Build.0 = Release|Any CPU
	EndGlobalSection
	GlobalSection(SolutionProperties) = preSolution
		HideSolutionNode = FALSE
	EndGlobalSection
	GlobalSection(NestedProjects) = preSolution
		{606A5E18-7076-4AE4-8D82-0E4E93B12977} = {06E5F7F1-0B60-4AD9-9CFF-27E5E028F706}
		{BE6B686C-91FC-4448-95EC-C5FD4713AB69} = {06E5F7F1-0B60-4AD9-9CFF-27E5E028F706}
		{501154ED-03DB-4865-9DF4-1F9C8479B2C7} = {06E5F7F1-0B60-4AD9-9CFF-27E5E028F706}
		{746EF7C5-A710-47D4-BB1F-B05B9984AE13} = {06E5F7F1-0B60-4AD9-9CFF-27E5E028F706}
		{47B552BF-A503-41B7-87B2-689F477B098C} = {06E5F7F1-0B60-4AD9-9CFF-27E5E028F706}
		{40DBAAFE-6EB4-4FA7-BE0B-9CBB48224D93} = {9F40E285-E6D8-40E1-82BA-4161C3306E88}
		{3260562E-9B2D-45C2-AAA8-93E9D11AB069} = {9F40E285-E6D8-40E1-82BA-4161C3306E88}
		{F16A6B7F-93A3-4473-8D02-C45F5A66D7B1} = {9F40E285-E6D8-40E1-82BA-4161C3306E88}
		{843BF955-DA3F-4232-8F65-396D26166A11} = {9F40E285-E6D8-40E1-82BA-4161C3306E88}
		{1E9F711E-A2FE-454F-847A-36136B871668} = {9F40E285-E6D8-40E1-82BA-4161C3306E88}
		{514CE822-2879-465F-92D2-84475088F276} = {9F40E285-E6D8-40E1-82BA-4161C3306E88}
		{158D9E4D-F837-4516-A980-650C7A8820AD} = {9F40E285-E6D8-40E1-82BA-4161C3306E88}
		{C9C1D759-DEAB-4EDA-9BA1-0AD3769CC9E5} = {7370927F-2E68-454C-91BB-3FBD85BDD8BF}
		{91E968D8-AB3F-4DA2-85EC-6085CFFEC2DF} = {7370927F-2E68-454C-91BB-3FBD85BDD8BF}
		{3445A39C-A6E9-4F38-B19F-1368084C7F5C} = {7370927F-2E68-454C-91BB-3FBD85BDD8BF}
		{B8008775-2377-4716-AC11-050F82B9862E} = {7370927F-2E68-454C-91BB-3FBD85BDD8BF}
		{E263D24C-1EDC-44FD-AF3C-818E88FFC63E} = {7370927F-2E68-454C-91BB-3FBD85BDD8BF}
	EndGlobalSection
	GlobalSection(ExtensibilityGlobals) = postSolution
		SolutionGuid = {A3B9973F-9696-4509-A9AD-22329B5B1419}
	EndGlobalSection
EndGlobal
